
Microsoft Visual Studio Solution File, Format Version 12.00
# Visual Studio Version 17
VisualStudioVersion = 17.8.34309.116
MinimumVisualStudioVersion = 10.0.40219.1
Project("{FAE04EC0-301F-11D3-BF4B-00C04F79EFBC}") = "GithubMonitor", "GithubMonitor.csproj", "{0D96F472-3EA0-4E95-BDBD-CB964DD7B70F}"
EndProject
Global
	GlobalSection(SolutionConfigurationPlatforms) = preSolution
		Debug|Any CPU = Debug|Any CPU
		Release|Any CPU = Release|Any CPU
	EndGlobalSection
	GlobalSection(ProjectConfigurationPlatforms) = postSolution
		{0D96F472-3EA0-4E95-BDBD-CB964DD7B70F}.Debug|Any CPU.ActiveCfg = Debug|Any CPU
		{0D96F472-3EA0-4E95-BDBD-CB964DD7B70F}.Debug|Any CPU.Build.0 = Debug|Any CPU
		{0D96F472-3EA0-4E95-BDBD-CB964DD7B70F}.Release|Any CPU.ActiveCfg = Release|Any CPU
		{0D96F472-3EA0-4E95-BDBD-CB964DD7B70F}.Release|Any CPU.Build.0 = Release|Any CPU
	EndGlobalSection
	GlobalSection(SolutionProperties) = preSolution
		HideSolutionNode = FALSE
	EndGlobalSection
	GlobalSection(ExtensibilityGlobals) = postSolution
		SolutionGuid = {003BAD49-5DD0-4F70-99AC-886973C24C51}
	EndGlobalSection
EndGlobal
